
Microsoft Visual Studio Solution File, Format Version 12.00
# Visual Studio 2012
Project("{FAE04EC0-301F-11D3-BF4B-00C04F79EFBC}") = "AvailablePCs", "AvailablePCs\AvailablePCs.csproj", "{0AD7AA89-03D4-463E-BF44-9BD2B398A48D}"
EndProject
Global
	GlobalSection(TeamFoundationVersionControl) = preSolution
		SccNumberOfProjects = 2
		SccEnterpriseProvider = {4CA58AB2-18FA-4F8D-95D4-32DDF27D184C}
		SccTeamFoundationServer = https://mobiledawg.visualstudio.com/defaultcollection
		SccLocalPath0 = .
		SccProjectUniqueName1 = AvailablePCs\\AvailablePCs.csproj
		SccProjectName1 = AvailablePCs
		SccLocalPath1 = AvailablePCs
	EndGlobalSection
	GlobalSection(SolutionConfigurationPlatforms) = preSolution
		Debug|Any CPU = Debug|Any CPU
		Debug|ARM = Debug|ARM
		Debug|x64 = Debug|x64
		Debug|x86 = Debug|x86
		Release|Any CPU = Release|Any CPU
		Release|ARM = Release|ARM
		Release|x64 = Release|x64
		Release|x86 = Release|x86
	EndGlobalSection
	GlobalSection(ProjectConfigurationPlatforms) = postSolution
		{0AD7AA89-03D4-463E-BF44-9BD2B398A48D}.Debug|Any CPU.ActiveCfg = Debug|Any CPU
		{0AD7AA89-03D4-463E-BF44-9BD2B398A48D}.Debug|Any CPU.Build.0 = Debug|Any CPU
		{0AD7AA89-03D4-463E-BF44-9BD2B398A48D}.Debug|Any CPU.Deploy.0 = Debug|Any CPU
		{0AD7AA89-03D4-463E-BF44-9BD2B398A48D}.Debug|ARM.ActiveCfg = Debug|ARM
		{0AD7AA89-03D4-463E-BF44-9BD2B398A48D}.Debug|ARM.Build.0 = Debug|ARM
		{0AD7AA89-03D4-463E-BF44-9BD2B398A48D}.Debug|ARM.Deploy.0 = Debug|ARM
		{0AD7AA89-03D4-463E-BF44-9BD2B398A48D}.Debug|x64.ActiveCfg = Debug|x64
		{0AD7AA89-03D4-463E-BF44-9BD2B398A48D}.Debug|x64.Build.0 = Debug|x64
		{0AD7AA89-03D4-463E-BF44-9BD2B398A48D}.Debug|x64.Deploy.0 = Debug|x64
		{0AD7AA89-03D4-463E-BF44-9BD2B398A48D}.Debug|x86.ActiveCfg = Debug|x86
		{0AD7AA89-03D4-463E-BF44-9BD2B398A48D}.Debug|x86.Build.0 = Debug|x86
		{0AD7AA89-03D4-463E-BF44-9BD2B398A48D}.Debug|x86.Deploy.0 = Debug|x86
		{0AD7AA89-03D4-463E-BF44-9BD2B398A48D}.Release|Any CPU.ActiveCfg = Release|Any CPU
		{0AD7AA89-03D4-463E-BF44-9BD2B398A48D}.Release|Any CPU.Build.0 = Release|Any CPU
		{0AD7AA89-03D4-463E-BF44-9BD2B398A48D}.Release|Any CPU.Deploy.0 = Release|Any CPU
		{0AD7AA89-03D4-463E-BF44-9BD2B398A48D}.Release|ARM.ActiveCfg = Release|ARM
		{0AD7AA89-03D4-463E-BF44-9BD2B398A48D}.Release|ARM.Build.0 = Release|ARM
		{0AD7AA89-03D4-463E-BF44-9BD2B398A48D}.Release|ARM.Deploy.0 = Release|ARM
		{0AD7AA89-03D4-463E-BF44-9BD2B398A48D}.Release|x64.ActiveCfg = Release|x64
		{0AD7AA89-03D4-463E-BF44-9BD2B398A48D}.Release|x64.Build.0 = Release|x64
		{0AD7AA89-03D4-463E-BF44-9BD2B398A48D}.Release|x64.Deploy.0 = Release|x64
		{0AD7AA89-03D4-463E-BF44-9BD2B398A48D}.Release|x86.ActiveCfg = Release|x86
		{0AD7AA89-03D4-463E-BF44-9BD2B398A48D}.Release|x86.Build.0 = Release|x86
		{0AD7AA89-03D4-463E-BF44-9BD2B398A48D}.Release|x86.Deploy.0 = Release|x86
	EndGlobalSection
	GlobalSection(SolutionProperties) = preSolution
		HideSolutionNode = FALSE
	EndGlobalSection
EndGlobal
